// !$*UTF8*$!
{
	archiveVersion = 1;
	classes = {
	};
	objectVersion = 56;
	objects = {

/* Begin PBXBuildFile section */
		AF38F8AF2BFBA50300111E06 /* SwiftfulSwiftUIInPracticeApp.swift in Sources */ = {isa = PBXBuildFile; fileRef = AF38F8AE2BFBA50300111E06 /* SwiftfulSwiftUIInPracticeApp.swift */; };
		AF38F8B12BFBA50300111E06 /* ContentView.swift in Sources */ = {isa = PBXBuildFile; fileRef = AF38F8B02BFBA50300111E06 /* ContentView.swift */; };
		AF38F8B32BFBA50500111E06 /* Assets.xcassets in Resources */ = {isa = PBXBuildFile; fileRef = AF38F8B22BFBA50500111E06 /* Assets.xcassets */; };
		AF38F8B62BFBA50500111E06 /* Preview Assets.xcassets in Resources */ = {isa = PBXBuildFile; fileRef = AF38F8B52BFBA50500111E06 /* Preview Assets.xcassets */; };
		AF38F8BE2BFBA56400111E06 /* SDWebImageSwiftUI in Frameworks */ = {isa = PBXBuildFile; productRef = AF38F8BD2BFBA56400111E06 /* SDWebImageSwiftUI */; };
		AF38F8C12BFBA59500111E06 /* ImageLoaderView.swift in Sources */ = {isa = PBXBuildFile; fileRef = AF38F8C02BFBA59500111E06 /* ImageLoaderView.swift */; };
		AF38F8C32BFBA63F00111E06 /* Constants.swift in Sources */ = {isa = PBXBuildFile; fileRef = AF38F8C22BFBA63F00111E06 /* Constants.swift */; };
		AF38F8C52BFBA80E00111E06 /* DatabaseHelper.swift in Sources */ = {isa = PBXBuildFile; fileRef = AF38F8C42BFBA80E00111E06 /* DatabaseHelper.swift */; };
		AF38F8C72BFBAA2F00111E06 /* Product.swift in Sources */ = {isa = PBXBuildFile; fileRef = AF38F8C62BFBAA2F00111E06 /* Product.swift */; };
		AF38F8C92BFBAA4200111E06 /* User.swift in Sources */ = {isa = PBXBuildFile; fileRef = AF38F8C82BFBAA4200111E06 /* User.swift */; };
		AF38F8CC2BFBAC8C00111E06 /* SwiftfulUI in Frameworks */ = {isa = PBXBuildFile; productRef = AF38F8CB2BFBAC8C00111E06 /* SwiftfulUI */; };
		AF38F8CF2BFBACAA00111E06 /* SwiftfulRouting in Frameworks */ = {isa = PBXBuildFile; productRef = AF38F8CE2BFBACAA00111E06 /* SwiftfulRouting */; };
/* End PBXBuildFile section */

/* Begin PBXFileReference section */
		AF38F8AB2BFBA50300111E06 /* SwiftfulSwiftUIInPractice.app */ = {isa = PBXFileReference; explicitFileType = wrapper.application; includeInIndex = 0; path = SwiftfulSwiftUIInPractice.app; sourceTree = BUILT_PRODUCTS_DIR; };
		AF38F8AE2BFBA50300111E06 /* SwiftfulSwiftUIInPracticeApp.swift */ = {isa = PBXFileReference; lastKnownFileType = sourcecode.swift; path = SwiftfulSwiftUIInPracticeApp.swift; sourceTree = "<group>"; };
		AF38F8B02BFBA50300111E06 /* ContentView.swift */ = {isa = PBXFileReference; lastKnownFileType = sourcecode.swift; path = ContentView.swift; sourceTree = "<group>"; };
		AF38F8B22BFBA50500111E06 /* Assets.xcassets */ = {isa = PBXFileReference; lastKnownFileType = folder.assetcatalog; path = Assets.xcassets; sourceTree = "<group>"; };
		AF38F8B52BFBA50500111E06 /* Preview Assets.xcassets */ = {isa = PBXFileReference; lastKnownFileType = folder.assetcatalog; path = "Preview Assets.xcassets"; sourceTree = "<group>"; };
		AF38F8C02BFBA59500111E06 /* ImageLoaderView.swift */ = {isa = PBXFileReference; lastKnownFileType = sourcecode.swift; path = ImageLoaderView.swift; sourceTree = "<group>"; };
		AF38F8C22BFBA63F00111E06 /* Constants.swift */ = {isa = PBXFileReference; lastKnownFileType = sourcecode.swift; path = Constants.swift; sourceTree = "<group>"; };
		AF38F8C42BFBA80E00111E06 /* DatabaseHelper.swift */ = {isa = PBXFileReference; lastKnownFileType = sourcecode.swift; path = DatabaseHelper.swift; sourceTree = "<group>"; };
		AF38F8C62BFBAA2F00111E06 /* Product.swift */ = {isa = PBXFileReference; lastKnownFileType = sourcecode.swift; path = Product.swift; sourceTree = "<group>"; };
		AF38F8C82BFBAA4200111E06 /* User.swift */ = {isa = PBXFileReference; lastKnownFileType = sourcecode.swift; path = User.swift; sourceTree = "<group>"; };
/* End PBXFileReference section */

/* Begin PBXFrameworksBuildPhase section */
		AF38F8A82BFBA50300111E06 /* Frameworks */ = {
			isa = PBXFrameworksBuildPhase;
			buildActionMask = 2147483647;
			files = (
				AF38F8CC2BFBAC8C00111E06 /* SwiftfulUI in Frameworks */,
				AF38F8CF2BFBACAA00111E06 /* SwiftfulRouting in Frameworks */,
				AF38F8BE2BFBA56400111E06 /* SDWebImageSwiftUI in Frameworks */,
			);
			runOnlyForDeploymentPostprocessing = 0;
		};
/* End PBXFrameworksBuildPhase section */

/* Begin PBXGroup section */
		AF38F8A22BFBA50300111E06 = {
			isa = PBXGroup;
			children = (
				AF38F8AD2BFBA50300111E06 /* SwiftfulSwiftUIInPractice */,
				AF38F8AC2BFBA50300111E06 /* Products */,
			);
			sourceTree = "<group>";
		};
		AF38F8AC2BFBA50300111E06 /* Products */ = {
			isa = PBXGroup;
			children = (
				AF38F8AB2BFBA50300111E06 /* SwiftfulSwiftUIInPractice.app */,
			);
			name = Products;
			sourceTree = "<group>";
		};
		AF38F8AD2BFBA50300111E06 /* SwiftfulSwiftUIInPractice */ = {
			isa = PBXGroup;
			children = (
				AF38F8AE2BFBA50300111E06 /* SwiftfulSwiftUIInPracticeApp.swift */,
				AF38F8B02BFBA50300111E06 /* ContentView.swift */,
				AF38F8BF2BFBA56F00111E06 /* Shared */,
				AF38F8B22BFBA50500111E06 /* Assets.xcassets */,
				AF38F8B42BFBA50500111E06 /* Preview Content */,
			);
			path = SwiftfulSwiftUIInPractice;
			sourceTree = "<group>";
		};
		AF38F8B42BFBA50500111E06 /* Preview Content */ = {
			isa = PBXGroup;
			children = (
				AF38F8B52BFBA50500111E06 /* Preview Assets.xcassets */,
			);
			path = "Preview Content";
			sourceTree = "<group>";
		};
		AF38F8BF2BFBA56F00111E06 /* Shared */ = {
			isa = PBXGroup;
			children = (
				AF38F8C02BFBA59500111E06 /* ImageLoaderView.swift */,
				AF38F8C22BFBA63F00111E06 /* Constants.swift */,
				AF38F8C42BFBA80E00111E06 /* DatabaseHelper.swift */,
				AF38F8C62BFBAA2F00111E06 /* Product.swift */,
				AF38F8C82BFBAA4200111E06 /* User.swift */,
			);
			path = Shared;
			sourceTree = "<group>";
		};
/* End PBXGroup section */

/* Begin PBXNativeTarget section */
		AF38F8AA2BFBA50300111E06 /* SwiftfulSwiftUIInPractice */ = {
			isa = PBXNativeTarget;
			buildConfigurationList = AF38F8B92BFBA50500111E06 /* Build configuration list for PBXNativeTarget "SwiftfulSwiftUIInPractice" */;
			buildPhases = (
				AF38F8A72BFBA50300111E06 /* Sources */,
				AF38F8A82BFBA50300111E06 /* Frameworks */,
				AF38F8A92BFBA50300111E06 /* Resources */,
			);
			buildRules = (
			);
			dependencies = (
			);
			name = SwiftfulSwiftUIInPractice;
			packageProductDependencies = (
				AF38F8BD2BFBA56400111E06 /* SDWebImageSwiftUI */,
				AF38F8CB2BFBAC8C00111E06 /* SwiftfulUI */,
				AF38F8CE2BFBACAA00111E06 /* SwiftfulRouting */,
			);
			productName = SwiftfulSwiftUIInPractice;
			productReference = AF38F8AB2BFBA50300111E06 /* SwiftfulSwiftUIInPractice.app */;
			productType = "com.apple.product-type.application";
		};
/* End PBXNativeTarget section */

/* Begin PBXProject section */
		AF38F8A32BFBA50300111E06 /* Project object */ = {
			isa = PBXProject;
			attributes = {
				BuildIndependentTargetsInParallel = 1;
				LastSwiftUpdateCheck = 1520;
				LastUpgradeCheck = 1520;
				TargetAttributes = {
					AF38F8AA2BFBA50300111E06 = {
						CreatedOnToolsVersion = 15.2;
					};
				};
			};
			buildConfigurationList = AF38F8A62BFBA50300111E06 /* Build configuration list for PBXProject "SwiftfulSwiftUIInPractice" */;
			compatibilityVersion = "Xcode 14.0";
			developmentRegion = en;
			hasScannedForEncodings = 0;
			knownRegions = (
				en,
				Base,
			);
			mainGroup = AF38F8A22BFBA50300111E06;
			packageReferences = (
				AF38F8BC2BFBA56400111E06 /* XCRemoteSwiftPackageReference "SDWebImageSwiftUI" */,
				AF38F8CA2BFBAC8C00111E06 /* XCRemoteSwiftPackageReference "SwiftfulUI" */,
				AF38F8CD2BFBACAA00111E06 /* XCRemoteSwiftPackageReference "SwiftfulRouting" */,
			);
			productRefGroup = AF38F8AC2BFBA50300111E06 /* Products */;
			projectDirPath = "";
			projectRoot = "";
			targets = (
				AF38F8AA2BFBA50300111E06 /* SwiftfulSwiftUIInPractice */,
			);
		};
/* End PBXProject section */

/* Begin PBXResourcesBuildPhase section */
		AF38F8A92BFBA50300111E06 /* Resources */ = {
			isa = PBXResourcesBuildPhase;
			buildActionMask = 2147483647;
			files = (
				AF38F8B62BFBA50500111E06 /* Preview Assets.xcassets in Resources */,
				AF38F8B32BFBA50500111E06 /* Assets.xcassets in Resources */,
			);
			runOnlyForDeploymentPostprocessing = 0;
		};
/* End PBXResourcesBuildPhase section */

/* Begin PBXSourcesBuildPhase section */
		AF38F8A72BFBA50300111E06 /* Sources */ = {
			isa = PBXSourcesBuildPhase;
			buildActionMask = 2147483647;
			files = (
				AF38F8C12BFBA59500111E06 /* ImageLoaderView.swift in Sources */,
				AF38F8C52BFBA80E00111E06 /* DatabaseHelper.swift in Sources */,
				AF38F8B12BFBA50300111E06 /* ContentView.swift in Sources */,
				AF38F8AF2BFBA50300111E06 /* SwiftfulSwiftUIInPracticeApp.swift in Sources */,
				AF38F8C32BFBA63F00111E06 /* Constants.swift in Sources */,
				AF38F8C72BFBAA2F00111E06 /* Product.swift in Sources */,
				AF38F8C92BFBAA4200111E06 /* User.swift in Sources */,
			);
			runOnlyForDeploymentPostprocessing = 0;
		};
/* End PBXSourcesBuildPhase section */

/* Begin XCBuildConfiguration section */
		AF38F8B72BFBA50500111E06 /* Debug */ = {
			isa = XCBuildConfiguration;
			buildSettings = {
				ALWAYS_SEARCH_USER_PATHS = NO;
				ASSETCATALOG_COMPILER_GENERATE_SWIFT_ASSET_SYMBOL_EXTENSIONS = YES;
				CLANG_ANALYZER_NONNULL = YES;
				CLANG_ANALYZER_NUMBER_OBJECT_CONVERSION = YES_AGGRESSIVE;
				CLANG_CXX_LANGUAGE_STANDARD = "gnu++20";
				CLANG_ENABLE_MODULES = YES;
				CLANG_ENABLE_OBJC_ARC = YES;
				CLANG_ENABLE_OBJC_WEAK = YES;
				CLANG_WARN_BLOCK_CAPTURE_AUTORELEASING = YES;
				CLANG_WARN_BOOL_CONVERSION = YES;
				CLANG_WARN_COMMA = YES;
				CLANG_WARN_CONSTANT_CONVERSION = YES;
				CLANG_WARN_DEPRECATED_OBJC_IMPLEMENTATIONS = YES;
				CLANG_WARN_DIRECT_OBJC_ISA_USAGE = YES_ERROR;
				CLANG_WARN_DOCUMENTATION_COMMENTS = YES;
				CLANG_WARN_EMPTY_BODY = YES;
				CLANG_WARN_ENUM_CONVERSION = YES;
				CLANG_WARN_INFINITE_RECURSION = YES;
				CLANG_WARN_INT_CONVERSION = YES;
				CLANG_WARN_NON_LITERAL_NULL_CONVERSION = YES;
				CLANG_WARN_OBJC_IMPLICIT_RETAIN_SELF = YES;
				CLANG_WARN_OBJC_LITERAL_CONVERSION = YES;
				CLANG_WARN_OBJC_ROOT_CLASS = YES_ERROR;
				CLANG_WARN_QUOTED_INCLUDE_IN_FRAMEWORK_HEADER = YES;
				CLANG_WARN_RANGE_LOOP_ANALYSIS = YES;
				CLANG_WARN_STRICT_PROTOTYPES = YES;
				CLANG_WARN_SUSPICIOUS_MOVE = YES;
				CLANG_WARN_UNGUARDED_AVAILABILITY = YES_AGGRESSIVE;
				CLANG_WARN_UNREACHABLE_CODE = YES;
				CLANG_WARN__DUPLICATE_METHOD_MATCH = YES;
				COPY_PHASE_STRIP = NO;
				DEBUG_INFORMATION_FORMAT = dwarf;
				ENABLE_STRICT_OBJC_MSGSEND = YES;
				ENABLE_TESTABILITY = YES;
				ENABLE_USER_SCRIPT_SANDBOXING = YES;
				GCC_C_LANGUAGE_STANDARD = gnu17;
				GCC_DYNAMIC_NO_PIC = NO;
				GCC_NO_COMMON_BLOCKS = YES;
				GCC_OPTIMIZATION_LEVEL = 0;
				GCC_PREPROCESSOR_DEFINITIONS = (
					"DEBUG=1",
					"$(inherited)",
				);
				GCC_WARN_64_TO_32_BIT_CONVERSION = YES;
				GCC_WARN_ABOUT_RETURN_TYPE = YES_ERROR;
				GCC_WARN_UNDECLARED_SELECTOR = YES;
				GCC_WARN_UNINITIALIZED_AUTOS = YES_AGGRESSIVE;
				GCC_WARN_UNUSED_FUNCTION = YES;
				GCC_WARN_UNUSED_VARIABLE = YES;
				IPHONEOS_DEPLOYMENT_TARGET = 17.2;
				LOCALIZATION_PREFERS_STRING_CATALOGS = YES;
				MTL_ENABLE_DEBUG_INFO = INCLUDE_SOURCE;
				MTL_FAST_MATH = YES;
				ONLY_ACTIVE_ARCH = YES;
				SDKROOT = iphoneos;
				SWIFT_ACTIVE_COMPILATION_CONDITIONS = "DEBUG $(inherited)";
				SWIFT_OPTIMIZATION_LEVEL = "-Onone";
			};
			name = Debug;
		};
		AF38F8B82BFBA50500111E06 /* Release */ = {
			isa = XCBuildConfiguration;
			buildSettings = {
				ALWAYS_SEARCH_USER_PATHS = NO;
				ASSETCATALOG_COMPILER_GENERATE_SWIFT_ASSET_SYMBOL_EXTENSIONS = YES;
				CLANG_ANALYZER_NONNULL = YES;
				CLANG_ANALYZER_NUMBER_OBJECT_CONVERSION = YES_AGGRESSIVE;
				CLANG_CXX_LANGUAGE_STANDARD = "gnu++20";
				CLANG_ENABLE_MODULES = YES;
				CLANG_ENABLE_OBJC_ARC = YES;
				CLANG_ENABLE_OBJC_WEAK = YES;
				CLANG_WARN_BLOCK_CAPTURE_AUTORELEASING = YES;
				CLANG_WARN_BOOL_CONVERSION = YES;
				CLANG_WARN_COMMA = YES;
				CLANG_WARN_CONSTANT_CONVERSION = YES;
				CLANG_WARN_DEPRECATED_OBJC_IMPLEMENTATIONS = YES;
				CLANG_WARN_DIRECT_OBJC_ISA_USAGE = YES_ERROR;
				CLANG_WARN_DOCUMENTATION_COMMENTS = YES;
				CLANG_WARN_EMPTY_BODY = YES;
				CLANG_WARN_ENUM_CONVERSION = YES;
				CLANG_WARN_INFINITE_RECURSION = YES;
				CLANG_WARN_INT_CONVERSION = YES;
				CLANG_WARN_NON_LITERAL_NULL_CONVERSION = YES;
				CLANG_WARN_OBJC_IMPLICIT_RETAIN_SELF = YES;
				CLANG_WARN_OBJC_LITERAL_CONVERSION = YES;
				CLANG_WARN_OBJC_ROOT_CLASS = YES_ERROR;
				CLANG_WARN_QUOTED_INCLUDE_IN_FRAMEWORK_HEADER = YES;
				CLANG_WARN_RANGE_LOOP_ANALYSIS = YES;
				CLANG_WARN_STRICT_PROTOTYPES = YES;
				CLANG_WARN_SUSPICIOUS_MOVE = YES;
				CLANG_WARN_UNGUARDED_AVAILABILITY = YES_AGGRESSIVE;
				CLANG_WARN_UNREACHABLE_CODE = YES;
				CLANG_WARN__DUPLICATE_METHOD_MATCH = YES;
				COPY_PHASE_STRIP = NO;
				DEBUG_INFORMATION_FORMAT = "dwarf-with-dsym";
				ENABLE_NS_ASSERTIONS = NO;
				ENABLE_STRICT_OBJC_MSGSEND = YES;
				ENABLE_USER_SCRIPT_SANDBOXING = YES;
				GCC_C_LANGUAGE_STANDARD = gnu17;
				GCC_NO_COMMON_BLOCKS = YES;
				GCC_WARN_64_TO_32_BIT_CONVERSION = YES;
				GCC_WARN_ABOUT_RETURN_TYPE = YES_ERROR;
				GCC_WARN_UNDECLARED_SELECTOR = YES;
				GCC_WARN_UNINITIALIZED_AUTOS = YES_AGGRESSIVE;
				GCC_WARN_UNUSED_FUNCTION = YES;
				GCC_WARN_UNUSED_VARIABLE = YES;
				IPHONEOS_DEPLOYMENT_TARGET = 17.2;
				LOCALIZATION_PREFERS_STRING_CATALOGS = YES;
				MTL_ENABLE_DEBUG_INFO = NO;
				MTL_FAST_MATH = YES;
				SDKROOT = iphoneos;
				SWIFT_COMPILATION_MODE = wholemodule;
				VALIDATE_PRODUCT = YES;
			};
			name = Release;
		};
		AF38F8BA2BFBA50500111E06 /* Debug */ = {
			isa = XCBuildConfiguration;
			buildSettings = {
				ASSETCATALOG_COMPILER_APPICON_NAME = AppIcon;
				ASSETCATALOG_COMPILER_GLOBAL_ACCENT_COLOR_NAME = AccentColor;
				CODE_SIGN_STYLE = Automatic;
				CURRENT_PROJECT_VERSION = 1;
				DEVELOPMENT_ASSET_PATHS = "\"SwiftfulSwiftUIInPractice/Preview Content\"";
				DEVELOPMENT_TEAM = 7B475922E3;
				ENABLE_PREVIEWS = YES;
				GENERATE_INFOPLIST_FILE = YES;
				INFOPLIST_KEY_UIApplicationSceneManifest_Generation = YES;
				INFOPLIST_KEY_UIApplicationSupportsIndirectInputEvents = YES;
				INFOPLIST_KEY_UILaunchScreen_Generation = YES;
				INFOPLIST_KEY_UISupportedInterfaceOrientations_iPad = "UIInterfaceOrientationPortrait UIInterfaceOrientationPortraitUpsideDown UIInterfaceOrientationLandscapeLeft UIInterfaceOrientationLandscapeRight";
				INFOPLIST_KEY_UISupportedInterfaceOrientations_iPhone = "UIInterfaceOrientationPortrait UIInterfaceOrientationLandscapeLeft UIInterfaceOrientationLandscapeRight";
				LD_RUNPATH_SEARCH_PATHS = (
					"$(inherited)",
					"@executable_path/Frameworks",
				);
				MARKETING_VERSION = 1.0;
				PRODUCT_BUNDLE_IDENTIFIER = com.arturremizov.SwiftfulSwiftUIInPractice;
				PRODUCT_NAME = "$(TARGET_NAME)";
				SWIFT_EMIT_LOC_STRINGS = YES;
				SWIFT_VERSION = 5.0;
				TARGETED_DEVICE_FAMILY = "1,2";
			};
			name = Debug;
		};
		AF38F8BB2BFBA50500111E06 /* Release */ = {
			isa = XCBuildConfiguration;
			buildSettings = {
				ASSETCATALOG_COMPILER_APPICON_NAME = AppIcon;
				ASSETCATALOG_COMPILER_GLOBAL_ACCENT_COLOR_NAME = AccentColor;
				CODE_SIGN_STYLE = Automatic;
				CURRENT_PROJECT_VERSION = 1;
				DEVELOPMENT_ASSET_PATHS = "\"SwiftfulSwiftUIInPractice/Preview Content\"";
				DEVELOPMENT_TEAM = 7B475922E3;
				ENABLE_PREVIEWS = YES;
				GENERATE_INFOPLIST_FILE = YES;
				INFOPLIST_KEY_UIApplicationSceneManifest_Generation = YES;
				INFOPLIST_KEY_UIApplicationSupportsIndirectInputEvents = YES;
				INFOPLIST_KEY_UILaunchScreen_Generation = YES;
				INFOPLIST_KEY_UISupportedInterfaceOrientations_iPad = "UIInterfaceOrientationPortrait UIInterfaceOrientationPortraitUpsideDown UIInterfaceOrientationLandscapeLeft UIInterfaceOrientationLandscapeRight";
				INFOPLIST_KEY_UISupportedInterfaceOrientations_iPhone = "UIInterfaceOrientationPortrait UIInterfaceOrientationLandscapeLeft UIInterfaceOrientationLandscapeRight";
				LD_RUNPATH_SEARCH_PATHS = (
					"$(inherited)",
					"@executable_path/Frameworks",
				);
				MARKETING_VERSION = 1.0;
				PRODUCT_BUNDLE_IDENTIFIER = com.arturremizov.SwiftfulSwiftUIInPractice;
				PRODUCT_NAME = "$(TARGET_NAME)";
				SWIFT_EMIT_LOC_STRINGS = YES;
				SWIFT_VERSION = 5.0;
				TARGETED_DEVICE_FAMILY = "1,2";
			};
			name = Release;
		};
/* End XCBuildConfiguration section */

/* Begin XCConfigurationList section */
		AF38F8A62BFBA50300111E06 /* Build configuration list for PBXProject "SwiftfulSwiftUIInPractice" */ = {
			isa = XCConfigurationList;
			buildConfigurations = (
				AF38F8B72BFBA50500111E06 /* Debug */,
				AF38F8B82BFBA50500111E06 /* Release */,
			);
			defaultConfigurationIsVisible = 0;
			defaultConfigurationName = Release;
		};
		AF38F8B92BFBA50500111E06 /* Build configuration list for PBXNativeTarget "SwiftfulSwiftUIInPractice" */ = {
			isa = XCConfigurationList;
			buildConfigurations = (
				AF38F8BA2BFBA50500111E06 /* Debug */,
				AF38F8BB2BFBA50500111E06 /* Release */,
			);
			defaultConfigurationIsVisible = 0;
			defaultConfigurationName = Release;
		};
/* End XCConfigurationList section */

/* Begin XCRemoteSwiftPackageReference section */
		AF38F8BC2BFBA56400111E06 /* XCRemoteSwiftPackageReference "SDWebImageSwiftUI" */ = {
			isa = XCRemoteSwiftPackageReference;
			repositoryURL = "https://github.com/SDWebImage/SDWebImageSwiftUI.git";
			requirement = {
				kind = upToNextMajorVersion;
				minimumVersion = 3.0.4;
			};
		};
		AF38F8CA2BFBAC8C00111E06 /* XCRemoteSwiftPackageReference "SwiftfulUI" */ = {
			isa = XCRemoteSwiftPackageReference;
			repositoryURL = "https://github.com/SwiftfulThinking/SwiftfulUI.git";
			requirement = {
				kind = upToNextMajorVersion;
				minimumVersion = 1.2.0;
			};
		};
		AF38F8CD2BFBACAA00111E06 /* XCRemoteSwiftPackageReference "SwiftfulRouting" */ = {
			isa = XCRemoteSwiftPackageReference;
			repositoryURL = "https://github.com/SwiftfulThinking/SwiftfulRouting.git";
			requirement = {
				kind = upToNextMajorVersion;
				minimumVersion = 5.3.4;
			};
		};
/* End XCRemoteSwiftPackageReference section */

/* Begin XCSwiftPackageProductDependency section */
		AF38F8BD2BFBA56400111E06 /* SDWebImageSwiftUI */ = {
			isa = XCSwiftPackageProductDependency;
			package = AF38F8BC2BFBA56400111E06 /* XCRemoteSwiftPackageReference "SDWebImageSwiftUI" */;
			productName = SDWebImageSwiftUI;
		};
		AF38F8CB2BFBAC8C00111E06 /* SwiftfulUI */ = {
			isa = XCSwiftPackageProductDependency;
			package = AF38F8CA2BFBAC8C00111E06 /* XCRemoteSwiftPackageReference "SwiftfulUI" */;
			productName = SwiftfulUI;
		};
		AF38F8CE2BFBACAA00111E06 /* SwiftfulRouting */ = {
			isa = XCSwiftPackageProductDependency;
			package = AF38F8CD2BFBACAA00111E06 /* XCRemoteSwiftPackageReference "SwiftfulRouting" */;
			productName = SwiftfulRouting;
		};
/* End XCSwiftPackageProductDependency section */
	};
	rootObject = AF38F8A32BFBA50300111E06 /* Project object */;
}
